
Microsoft Visual Studio Solution File, Format Version 12.00
# Visual Studio Version 17
VisualStudioVersion = 17.9.34622.214
MinimumVisualStudioVersion = 10.0.40219.1
Project("{2150E333-8FDC-42A3-9474-1A3956D46DE8}") = "Clientes", "Clientes", "{56EAC9E2-4901-4042-9E5D-AB0D003E2787}"
EndProject
Project("{2150E333-8FDC-42A3-9474-1A3956D46DE8}") = "Domain", "Domain", "{5CBA1AD3-4F27-40EF-B583-93A54AAB4361}"
EndProject
Project("{2150E333-8FDC-42A3-9474-1A3956D46DE8}") = "Application", "Application", "{BCB012C4-D386-44D8-A692-C368D09CE19D}"
EndProject
Project("{2150E333-8FDC-42A3-9474-1A3956D46DE8}") = "API", "API", "{E59E34F4-C626-4FFC-AB4A-698028D421DD}"
EndProject
Project("{2150E333-8FDC-42A3-9474-1A3956D46DE8}") = "Infraestucture", "Infraestucture", "{C49DF4DC-C67F-499F-ABEB-DEFC00FB358A}"
EndProject
Project("{2150E333-8FDC-42A3-9474-1A3956D46DE8}") = "Testing", "Testing", "{2742EF1B-7052-4421-9841-C08AC5FA4877}"
EndProject
Project("{2150E333-8FDC-42A3-9474-1A3956D46DE8}") = "Usuarios", "Usuarios", "{EB9C4425-6C64-46D7-9F13-8EF613AE4068}"
EndProject
Project("{2150E333-8FDC-42A3-9474-1A3956D46DE8}") = "Infraestucture", "Infraestucture", "{02FAEF3B-045E-4AF6-8379-04F7DBF17926}"
EndProject
Project("{2150E333-8FDC-42A3-9474-1A3956D46DE8}") = "Domain", "Domain", "{BCDFA4DD-EC7E-4CF9-817B-FB870F0FCC80}"
EndProject
Project("{2150E333-8FDC-42A3-9474-1A3956D46DE8}") = "API", "API", "{D5E1FD3D-151F-4C8B-ADD8-9E5C5A6C5CD3}"
EndProject
Project("{2150E333-8FDC-42A3-9474-1A3956D46DE8}") = "Application", "Application", "{72E2EC2C-6D95-4632-B100-FEBD885F5A5A}"
EndProject
Global
	GlobalSection(SolutionProperties) = preSolution
		HideSolutionNode = FALSE
	EndGlobalSection
	GlobalSection(NestedProjects) = preSolution
		{5CBA1AD3-4F27-40EF-B583-93A54AAB4361} = {56EAC9E2-4901-4042-9E5D-AB0D003E2787}
		{BCB012C4-D386-44D8-A692-C368D09CE19D} = {56EAC9E2-4901-4042-9E5D-AB0D003E2787}
		{E59E34F4-C626-4FFC-AB4A-698028D421DD} = {56EAC9E2-4901-4042-9E5D-AB0D003E2787}
		{C49DF4DC-C67F-499F-ABEB-DEFC00FB358A} = {56EAC9E2-4901-4042-9E5D-AB0D003E2787}
		{2742EF1B-7052-4421-9841-C08AC5FA4877} = {56EAC9E2-4901-4042-9E5D-AB0D003E2787}
		{02FAEF3B-045E-4AF6-8379-04F7DBF17926} = {EB9C4425-6C64-46D7-9F13-8EF613AE4068}
		{BCDFA4DD-EC7E-4CF9-817B-FB870F0FCC80} = {EB9C4425-6C64-46D7-9F13-8EF613AE4068}
		{D5E1FD3D-151F-4C8B-ADD8-9E5C5A6C5CD3} = {EB9C4425-6C64-46D7-9F13-8EF613AE4068}
		{72E2EC2C-6D95-4632-B100-FEBD885F5A5A} = {EB9C4425-6C64-46D7-9F13-8EF613AE4068}
	EndGlobalSection
	GlobalSection(ExtensibilityGlobals) = postSolution
		SolutionGuid = {8C8B5CC2-D758-4968-ABCF-5A6E08179CAD}
	EndGlobalSection
EndGlobal
